
Microsoft Visual Studio Solution File, Format Version 12.00
# Visual Studio Version 16
VisualStudioVersion = 16.0.30711.63
MinimumVisualStudioVersion = 10.0.40219.1
Project("{FAE04EC0-301F-11D3-BF4B-00C04F79EFBC}") = "PathfindingLib", "PathfindingLib\PathfindingLib.csproj", "{3995AFF6-2340-458D-AAD7-43E44C477528}"
EndProject
Project("{FAE04EC0-301F-11D3-BF4B-00C04F79EFBC}") = "PathfindingAppCLI", "PathfindingAppCLI\PathfindingAppCLI.csproj", "{91357A3E-D76E-4CBA-9556-EA382031BF89}"
EndProject
Global
	GlobalSection(SolutionConfigurationPlatforms) = preSolution
		Debug|Any CPU = Debug|Any CPU
		Release|Any CPU = Release|Any CPU
	EndGlobalSection
	GlobalSection(ProjectConfigurationPlatforms) = postSolution
		{3995AFF6-2340-458D-AAD7-43E44C477528}.Debug|Any CPU.ActiveCfg = Debug|Any CPU
		{3995AFF6-2340-458D-AAD7-43E44C477528}.Debug|Any CPU.Build.0 = Debug|Any CPU
		{3995AFF6-2340-458D-AAD7-43E44C477528}.Release|Any CPU.ActiveCfg = Release|Any CPU
		{3995AFF6-2340-458D-AAD7-43E44C477528}.Release|Any CPU.Build.0 = Release|Any CPU
		{91357A3E-D76E-4CBA-9556-EA382031BF89}.Debug|Any CPU.ActiveCfg = Debug|Any CPU
		{91357A3E-D76E-4CBA-9556-EA382031BF89}.Debug|Any CPU.Build.0 = Debug|Any CPU
		{91357A3E-D76E-4CBA-9556-EA382031BF89}.Release|Any CPU.ActiveCfg = Release|Any CPU
		{91357A3E-D76E-4CBA-9556-EA382031BF89}.Release|Any CPU.Build.0 = Release|Any CPU
	EndGlobalSection
	GlobalSection(SolutionProperties) = preSolution
		HideSolutionNode = FALSE
	EndGlobalSection
	GlobalSection(ExtensibilityGlobals) = postSolution
		SolutionGuid = {109C0E6C-C63B-4BAF-8E8E-0F298D9D52E5}
	EndGlobalSection
EndGlobal
